
Microsoft Visual Studio Solution File, Format Version 12.00
# Visual Studio Version 16
VisualStudioVersion = 16.0.810.14
MinimumVisualStudioVersion = 10.0.40219.1
Project("{FAE04EC0-301F-11D3-BF4B-00C04F79EFBC}") = "Jupitor_Toy_Project", "Jupitor_Toy_Project\Jupitor_Toy_Project.csproj", "{13BEF213-7142-4475-9554-73289E9052B5}"
EndProject
Global
	GlobalSection(SolutionConfigurationPlatforms) = preSolution
		Debug|Any CPU = Debug|Any CPU
		Release|Any CPU = Release|Any CPU
	EndGlobalSection
	GlobalSection(ProjectConfigurationPlatforms) = postSolution
		{13BEF213-7142-4475-9554-73289E9052B5}.Debug|Any CPU.ActiveCfg = Debug|Any CPU
		{13BEF213-7142-4475-9554-73289E9052B5}.Debug|Any CPU.Build.0 = Debug|Any CPU
		{13BEF213-7142-4475-9554-73289E9052B5}.Release|Any CPU.ActiveCfg = Release|Any CPU
		{13BEF213-7142-4475-9554-73289E9052B5}.Release|Any CPU.Build.0 = Release|Any CPU
	EndGlobalSection
	GlobalSection(SolutionProperties) = preSolution
		HideSolutionNode = FALSE
	EndGlobalSection
	GlobalSection(ExtensibilityGlobals) = postSolution
		SolutionGuid = {CB339912-6886-4B82-A5B1-857B93490426}
	EndGlobalSection
EndGlobal
